
Microsoft Visual Studio Solution File, Format Version 12.00
# Visual Studio Version 17
VisualStudioVersion = 17.13.35931.197 d17.13
MinimumVisualStudioVersion = 10.0.40219.1
Project("{FAE04EC0-301F-11D3-BF4B-00C04F79EFBC}") = "EqualityChecker", "EqualityChecker.csproj", "{FEEDCA5C-8EA7-4E68-955A-BEA97A4F3174}"
EndProject
Global
	GlobalSection(SolutionConfigurationPlatforms) = preSolution
		Debug|Any CPU = Debug|Any CPU
		Release|Any CPU = Release|Any CPU
	EndGlobalSection
	GlobalSection(ProjectConfigurationPlatforms) = postSolution
		{FEEDCA5C-8EA7-4E68-955A-BEA97A4F3174}.Debug|Any CPU.ActiveCfg = Debug|Any CPU
		{FEEDCA5C-8EA7-4E68-955A-BEA97A4F3174}.Debug|Any CPU.Build.0 = Debug|Any CPU
		{FEEDCA5C-8EA7-4E68-955A-BEA97A4F3174}.Release|Any CPU.ActiveCfg = Release|Any CPU
		{FEEDCA5C-8EA7-4E68-955A-BEA97A4F3174}.Release|Any CPU.Build.0 = Release|Any CPU
	EndGlobalSection
	GlobalSection(SolutionProperties) = preSolution
		HideSolutionNode = FALSE
	EndGlobalSection
	GlobalSection(ExtensibilityGlobals) = postSolution
		SolutionGuid = {16F2DA97-7E96-4A98-B8C2-FC8B9DF0F64D}
	EndGlobalSection
EndGlobal
