
Microsoft Visual Studio Solution File, Format Version 12.00
# Visual Studio Version 17
VisualStudioVersion = 17.13.35931.197 d17.13
MinimumVisualStudioVersion = 10.0.40219.1
Project("{FAE04EC0-301F-11D3-BF4B-00C04F79EFBC}") = "SumAndAverage", "SumAndAverage.csproj", "{30A87044-B8A4-48BD-8534-F831929FB37B}"
EndProject
Global
	GlobalSection(SolutionConfigurationPlatforms) = preSolution
		Debug|Any CPU = Debug|Any CPU
		Release|Any CPU = Release|Any CPU
	EndGlobalSection
	GlobalSection(ProjectConfigurationPlatforms) = postSolution
		{30A87044-B8A4-48BD-8534-F831929FB37B}.Debug|Any CPU.ActiveCfg = Debug|Any CPU
		{30A87044-B8A4-48BD-8534-F831929FB37B}.Debug|Any CPU.Build.0 = Debug|Any CPU
		{30A87044-B8A4-48BD-8534-F831929FB37B}.Release|Any CPU.ActiveCfg = Release|Any CPU
		{30A87044-B8A4-48BD-8534-F831929FB37B}.Release|Any CPU.Build.0 = Release|Any CPU
	EndGlobalSection
	GlobalSection(SolutionProperties) = preSolution
		HideSolutionNode = FALSE
	EndGlobalSection
	GlobalSection(ExtensibilityGlobals) = postSolution
		SolutionGuid = {FD65A389-BDDE-437A-BD43-701CDC2B2D02}
	EndGlobalSection
EndGlobal
